
Microsoft Visual Studio Solution File, Format Version 12.00
# Visual Studio Version 16
VisualStudioVersion = 16.0.30114.105
MinimumVisualStudioVersion = 10.0.40219.1
Project("{2150E333-8FDC-42A3-9474-1A3956D46DE8}") = "src", "src", "{F2B20768-DAF5-414F-B457-DE1588A366CA}"
EndProject
Project("{FAE04EC0-301F-11D3-BF4B-00C04F79EFBC}") = "RaspberryPi.Yarp", "src\RaspberryPi.Yarp\RaspberryPi.Yarp.csproj", "{D3AB5363-5CA4-4AC9-BF56-B9543F397798}"
EndProject
Project("{FAE04EC0-301F-11D3-BF4B-00C04F79EFBC}") = "UserGroupLEDs.Alexa", "src\UserGroupLEDs.Alexa\UserGroupLEDs.Alexa.csproj", "{D107C84D-9764-4337-A76C-4C08A99665C5}"
EndProject
Project("{FAE04EC0-301F-11D3-BF4B-00C04F79EFBC}") = "UserGroupLEDs.Api", "src\UserGroupLEDs.Api\UserGroupLEDs.Api.csproj", "{531447E1-A18C-416E-9FCE-B0BD699B3D26}"
EndProject
Project("{FAE04EC0-301F-11D3-BF4B-00C04F79EFBC}") = "UserGroupLEDs.Common", "src\UserGroupLEDs.Common\UserGroupLEDs.Common.csproj", "{FEDB9EB7-2F2E-4B62-8371-B4C336EF1512}"
EndProject
Global
	GlobalSection(SolutionConfigurationPlatforms) = preSolution
		Debug|Any CPU = Debug|Any CPU
		Release|Any CPU = Release|Any CPU
	EndGlobalSection
	GlobalSection(SolutionProperties) = preSolution
		HideSolutionNode = FALSE
	EndGlobalSection
	GlobalSection(ProjectConfigurationPlatforms) = postSolution
		{D3AB5363-5CA4-4AC9-BF56-B9543F397798}.Debug|Any CPU.ActiveCfg = Debug|Any CPU
		{D3AB5363-5CA4-4AC9-BF56-B9543F397798}.Debug|Any CPU.Build.0 = Debug|Any CPU
		{D3AB5363-5CA4-4AC9-BF56-B9543F397798}.Release|Any CPU.ActiveCfg = Release|Any CPU
		{D3AB5363-5CA4-4AC9-BF56-B9543F397798}.Release|Any CPU.Build.0 = Release|Any CPU
		{D107C84D-9764-4337-A76C-4C08A99665C5}.Debug|Any CPU.ActiveCfg = Debug|Any CPU
		{D107C84D-9764-4337-A76C-4C08A99665C5}.Debug|Any CPU.Build.0 = Debug|Any CPU
		{D107C84D-9764-4337-A76C-4C08A99665C5}.Release|Any CPU.ActiveCfg = Release|Any CPU
		{D107C84D-9764-4337-A76C-4C08A99665C5}.Release|Any CPU.Build.0 = Release|Any CPU
		{531447E1-A18C-416E-9FCE-B0BD699B3D26}.Debug|Any CPU.ActiveCfg = Debug|Any CPU
		{531447E1-A18C-416E-9FCE-B0BD699B3D26}.Debug|Any CPU.Build.0 = Debug|Any CPU
		{531447E1-A18C-416E-9FCE-B0BD699B3D26}.Release|Any CPU.ActiveCfg = Release|Any CPU
		{531447E1-A18C-416E-9FCE-B0BD699B3D26}.Release|Any CPU.Build.0 = Release|Any CPU
		{FEDB9EB7-2F2E-4B62-8371-B4C336EF1512}.Debug|Any CPU.ActiveCfg = Debug|Any CPU
		{FEDB9EB7-2F2E-4B62-8371-B4C336EF1512}.Debug|Any CPU.Build.0 = Debug|Any CPU
		{FEDB9EB7-2F2E-4B62-8371-B4C336EF1512}.Release|Any CPU.ActiveCfg = Release|Any CPU
		{FEDB9EB7-2F2E-4B62-8371-B4C336EF1512}.Release|Any CPU.Build.0 = Release|Any CPU
	EndGlobalSection
	GlobalSection(NestedProjects) = preSolution
		{D3AB5363-5CA4-4AC9-BF56-B9543F397798} = {F2B20768-DAF5-414F-B457-DE1588A366CA}
		{D107C84D-9764-4337-A76C-4C08A99665C5} = {F2B20768-DAF5-414F-B457-DE1588A366CA}
		{531447E1-A18C-416E-9FCE-B0BD699B3D26} = {F2B20768-DAF5-414F-B457-DE1588A366CA}
		{FEDB9EB7-2F2E-4B62-8371-B4C336EF1512} = {F2B20768-DAF5-414F-B457-DE1588A366CA}
	EndGlobalSection
EndGlobal
